
Microsoft Visual Studio Solution File, Format Version 12.00
# Visual Studio 15
VisualStudioVersion = 15.0.28307.1267
MinimumVisualStudioVersion = 10.0.40219.1
Project("{9A19103F-16F7-4668-BE54-9A1E7A4F7556}") = "passwordValidation", "src\passwordValidation\passwordValidation.csproj", "{8CDD4436-DA0C-48B0-8CBC-5EBA4A553D72}"
EndProject
Project("{2150E333-8FDC-42A3-9474-1A3956D46DE8}") = "src", "src", "{668E7B12-4F18-4010-8F7B-8EEC1C0D4CF8}"
EndProject
Project("{2150E333-8FDC-42A3-9474-1A3956D46DE8}") = "test", "test", "{E0792DE8-C605-4CC8-A1D9-40B3C6014701}"
EndProject
Project("{9A19103F-16F7-4668-BE54-9A1E7A4F7556}") = "passwordValidationTests", "test\passwordValidationTests.csproj", "{F1C78A6D-5DAF-46EC-AC2D-196CE13FE956}"
EndProject
Global
	GlobalSection(SolutionConfigurationPlatforms) = preSolution
		Debug|Any CPU = Debug|Any CPU
		Release|Any CPU = Release|Any CPU
	EndGlobalSection
	GlobalSection(ProjectConfigurationPlatforms) = postSolution
		{8CDD4436-DA0C-48B0-8CBC-5EBA4A553D72}.Debug|Any CPU.ActiveCfg = Debug|Any CPU
		{8CDD4436-DA0C-48B0-8CBC-5EBA4A553D72}.Debug|Any CPU.Build.0 = Debug|Any CPU
		{8CDD4436-DA0C-48B0-8CBC-5EBA4A553D72}.Release|Any CPU.ActiveCfg = Release|Any CPU
		{8CDD4436-DA0C-48B0-8CBC-5EBA4A553D72}.Release|Any CPU.Build.0 = Release|Any CPU
		{F1C78A6D-5DAF-46EC-AC2D-196CE13FE956}.Debug|Any CPU.ActiveCfg = Debug|Any CPU
		{F1C78A6D-5DAF-46EC-AC2D-196CE13FE956}.Debug|Any CPU.Build.0 = Debug|Any CPU
		{F1C78A6D-5DAF-46EC-AC2D-196CE13FE956}.Release|Any CPU.ActiveCfg = Release|Any CPU
		{F1C78A6D-5DAF-46EC-AC2D-196CE13FE956}.Release|Any CPU.Build.0 = Release|Any CPU
	EndGlobalSection
	GlobalSection(SolutionProperties) = preSolution
		HideSolutionNode = FALSE
	EndGlobalSection
	GlobalSection(NestedProjects) = preSolution
		{8CDD4436-DA0C-48B0-8CBC-5EBA4A553D72} = {668E7B12-4F18-4010-8F7B-8EEC1C0D4CF8}
		{F1C78A6D-5DAF-46EC-AC2D-196CE13FE956} = {E0792DE8-C605-4CC8-A1D9-40B3C6014701}
	EndGlobalSection
	GlobalSection(ExtensibilityGlobals) = postSolution
		SolutionGuid = {48D45034-4C96-4294-BF86-F9C48C2C5FB9}
	EndGlobalSection
EndGlobal
